
Microsoft Visual Studio Solution File, Format Version 12.00
# Visual Studio 2012
Project("{FAE04EC0-301F-11D3-BF4B-00C04F79EFBC}") = "AutoClient", "AutoClient\AutoClient.csproj", "{461B8D23-89C2-40A1-886B-2811CD62AF2E}"
EndProject
Global
	GlobalSection(SolutionConfigurationPlatforms) = preSolution
		Debug|Any CPU = Debug|Any CPU
		Release|Any CPU = Release|Any CPU
	EndGlobalSection
	GlobalSection(ProjectConfigurationPlatforms) = postSolution
		{461B8D23-89C2-40A1-886B-2811CD62AF2E}.Debug|Any CPU.ActiveCfg = Debug|Any CPU
		{461B8D23-89C2-40A1-886B-2811CD62AF2E}.Debug|Any CPU.Build.0 = Debug|Any CPU
		{461B8D23-89C2-40A1-886B-2811CD62AF2E}.Release|Any CPU.ActiveCfg = Release|Any CPU
		{461B8D23-89C2-40A1-886B-2811CD62AF2E}.Release|Any CPU.Build.0 = Release|Any CPU
	EndGlobalSection
	GlobalSection(SolutionProperties) = preSolution
		HideSolutionNode = FALSE
	EndGlobalSection
EndGlobal
